// !$*UTF8*$!
{
	archiveVersion = 1;
	classes = {
	};
	objectVersion = 46;
	objects = {

/* Begin PBXBuildFile section */
		00669D991888FB1900115850 /* Foundation.framework in Frameworks */ = {isa = PBXBuildFile; fileRef = 00669D981888FB1900115850 /* Foundation.framework */; };
		00669D9B1888FB1900115850 /* CoreGraphics.framework in Frameworks */ = {isa = PBXBuildFile; fileRef = 00669D9A1888FB1900115850 /* CoreGraphics.framework */; };
		00669D9D1888FB1900115850 /* UIKit.framework in Frameworks */ = {isa = PBXBuildFile; fileRef = 00669D9C1888FB1900115850 /* UIKit.framework */; };
		00669DA31888FB1900115850 /* InfoPlist.strings in Resources */ = {isa = PBXBuildFile; fileRef = 00669DA11888FB1900115850 /* InfoPlist.strings */; };
		00669DA51888FB1900115850 /* main.m in Sources */ = {isa = PBXBuildFile; fileRef = 00669DA41888FB1900115850 /* main.m */; };
		00669DA91888FB1900115850 /* AppDelegate.m in Sources */ = {isa = PBXBuildFile; fileRef = 00669DA81888FB1900115850 /* AppDelegate.m */; };
		00669DAC1888FB1900115850 /* Main.storyboard in Resources */ = {isa = PBXBuildFile; fileRef = 00669DAA1888FB1900115850 /* Main.storyboard */; };
		00669DAF1888FB1900115850 /* ViewController.m in Sources */ = {isa = PBXBuildFile; fileRef = 00669DAE1888FB1900115850 /* ViewController.m */; };
		00669DB11888FB1900115850 /* Images.xcassets in Resources */ = {isa = PBXBuildFile; fileRef = 00669DB01888FB1900115850 /* Images.xcassets */; };
		00669DB81888FB1900115850 /* XCTest.framework in Frameworks */ = {isa = PBXBuildFile; fileRef = 00669DB71888FB1900115850 /* XCTest.framework */; };
		00669DB91888FB1900115850 /* Foundation.framework in Frameworks */ = {isa = PBXBuildFile; fileRef = 00669D981888FB1900115850 /* Foundation.framework */; };
		00669DBA1888FB1900115850 /* UIKit.framework in Frameworks */ = {isa = PBXBuildFile; fileRef = 00669D9C1888FB1900115850 /* UIKit.framework */; };
		00669DC21888FB1900115850 /* InfoPlist.strings in Resources */ = {isa = PBXBuildFile; fileRef = 00669DC01888FB1900115850 /* InfoPlist.strings */; };
		00669DC41888FB1900115850 /* TmapGPSTestTests.m in Sources */ = {isa = PBXBuildFile; fileRef = 00669DC31888FB1900115850 /* TmapGPSTestTests.m */; };
		00669DF61888FB4B00115850 /* desktop.ini in Resources */ = {isa = PBXBuildFile; fileRef = 00669DE61888FB4A00115850 /* desktop.ini */; };
		00669DF71888FB4B00115850 /* HeadingAngleSmall.png in Resources */ = {isa = PBXBuildFile; fileRef = 00669DE71888FB4A00115850 /* HeadingAngleSmall.png */; };
		00669DF81888FB4B00115850 /* HeadingAngleSmall@2x.png in Resources */ = {isa = PBXBuildFile; fileRef = 00669DE81888FB4A00115850 /* HeadingAngleSmall@2x.png */; };
		00669DF91888FB4B00115850 /* icon_clustering.png in Resources */ = {isa = PBXBuildFile; fileRef = 00669DE91888FB4A00115850 /* icon_clustering.png */; };
		00669DFA1888FB4B00115850 /* icon_clustering@2x.png in Resources */ = {isa = PBXBuildFile; fileRef = 00669DEA1888FB4A00115850 /* icon_clustering@2x.png */; };
		00669DFB1888FB4B00115850 /* mapbg_tlogo.png in Resources */ = {isa = PBXBuildFile; fileRef = 00669DEB1888FB4A00115850 /* mapbg_tlogo.png */; };
		00669DFC1888FB4B00115850 /* mapbg_tlogo@2x.png in Resources */ = {isa = PBXBuildFile; fileRef = 00669DEC1888FB4A00115850 /* mapbg_tlogo@2x.png */; };
		00669DFD1888FB4B00115850 /* poweredby.png in Resources */ = {isa = PBXBuildFile; fileRef = 00669DED1888FB4A00115850 /* poweredby.png */; };
		00669DFE1888FB4B00115850 /* poweredby@2x.png in Resources */ = {isa = PBXBuildFile; fileRef = 00669DEE1888FB4A00115850 /* poweredby@2x.png */; };
		00669DFF1888FB4B00115850 /* TrackingDot.png in Resources */ = {isa = PBXBuildFile; fileRef = 00669DEF1888FB4A00115850 /* TrackingDot.png */; };
		00669E001888FB4B00115850 /* TrackingDot@2x.png in Resources */ = {isa = PBXBuildFile; fileRef = 00669DF01888FB4A00115850 /* TrackingDot@2x.png */; };
		00669E011888FB4B00115850 /* TrackingDotHalo.png in Resources */ = {isa = PBXBuildFile; fileRef = 00669DF11888FB4A00115850 /* TrackingDotHalo.png */; };
		00669E021888FB4B00115850 /* TrackingDotHalo@2x.png in Resources */ = {isa = PBXBuildFile; fileRef = 00669DF21888FB4A00115850 /* TrackingDotHalo@2x.png */; };
		00669E031888FB4B00115850 /* libskpMap_OP-iOS7.0.a in Frameworks */ = {isa = PBXBuildFile; fileRef = 00669DF31888FB4A00115850 /* libskpMap_OP-iOS7.0.a */; };
/* End PBXBuildFile section */

/* Begin PBXContainerItemProxy section */
		00669DBB1888FB1900115850 /* PBXContainerItemProxy */ = {
			isa = PBXContainerItemProxy;
			containerPortal = 00669D8D1888FB1900115850 /* Project object */;
			proxyType = 1;
			remoteGlobalIDString = 00669D941888FB1900115850;
			remoteInfo = TmapGPSTest;
		};
/* End PBXContainerItemProxy section */

/* Begin PBXFileReference section */
		00669D951888FB1900115850 /* TmapGPSTest.app */ = {isa = PBXFileReference; explicitFileType = wrapper.application; includeInIndex = 0; path = TmapGPSTest.app; sourceTree = BUILT_PRODUCTS_DIR; };
		00669D981888FB1900115850 /* Foundation.framework */ = {isa = PBXFileReference; lastKnownFileType = wrapper.framework; name = Foundation.framework; path = System/Library/Frameworks/Foundation.framework; sourceTree = SDKROOT; };
		00669D9A1888FB1900115850 /* CoreGraphics.framework */ = {isa = PBXFileReference; lastKnownFileType = wrapper.framework; name = CoreGraphics.framework; path = System/Library/Frameworks/CoreGraphics.framework; sourceTree = SDKROOT; };
		00669D9C1888FB1900115850 /* UIKit.framework */ = {isa = PBXFileReference; lastKnownFileType = wrapper.framework; name = UIKit.framework; path = System/Library/Frameworks/UIKit.framework; sourceTree = SDKROOT; };
		00669DA01888FB1900115850 /* TmapGPSTest-Info.plist */ = {isa = PBXFileReference; lastKnownFileType = text.plist.xml; path = "TmapGPSTest-Info.plist"; sourceTree = "<group>"; };
		00669DA21888FB1900115850 /* en */ = {isa = PBXFileReference; lastKnownFileType = text.plist.strings; name = en; path = en.lproj/InfoPlist.strings; sourceTree = "<group>"; };
		00669DA41888FB1900115850 /* main.m */ = {isa = PBXFileReference; lastKnownFileType = sourcecode.c.objc; path = main.m; sourceTree = "<group>"; };
		00669DA61888FB1900115850 /* TmapGPSTest-Prefix.pch */ = {isa = PBXFileReference; lastKnownFileType = sourcecode.c.h; path = "TmapGPSTest-Prefix.pch"; sourceTree = "<group>"; };
		00669DA71888FB1900115850 /* AppDelegate.h */ = {isa = PBXFileReference; lastKnownFileType = sourcecode.c.h; path = AppDelegate.h; sourceTree = "<group>"; };
		00669DA81888FB1900115850 /* AppDelegate.m */ = {isa = PBXFileReference; lastKnownFileType = sourcecode.c.objc; path = AppDelegate.m; sourceTree = "<group>"; };
		00669DAB1888FB1900115850 /* Base */ = {isa = PBXFileReference; lastKnownFileType = file.storyboard; name = Base; path = Base.lproj/Main.storyboard; sourceTree = "<group>"; };
		00669DAD1888FB1900115850 /* ViewController.h */ = {isa = PBXFileReference; lastKnownFileType = sourcecode.c.h; path = ViewController.h; sourceTree = "<group>"; };
		00669DAE1888FB1900115850 /* ViewController.m */ = {isa = PBXFileReference; lastKnownFileType = sourcecode.c.objc; path = ViewController.m; sourceTree = "<group>"; };
		00669DB01888FB1900115850 /* Images.xcassets */ = {isa = PBXFileReference; lastKnownFileType = folder.assetcatalog; path = Images.xcassets; sourceTree = "<group>"; };
		00669DB61888FB1900115850 /* TmapGPSTestTests.xctest */ = {isa = PBXFileReference; explicitFileType = wrapper.cfbundle; includeInIndex = 0; path = TmapGPSTestTests.xctest; sourceTree = BUILT_PRODUCTS_DIR; };
		00669DB71888FB1900115850 /* XCTest.framework */ = {isa = PBXFileReference; lastKnownFileType = wrapper.framework; name = XCTest.framework; path = Library/Frameworks/XCTest.framework; sourceTree = DEVELOPER_DIR; };
		00669DBF1888FB1900115850 /* TmapGPSTestTests-Info.plist */ = {isa = PBXFileReference; lastKnownFileType = text.plist.xml; path = "TmapGPSTestTests-Info.plist"; sourceTree = "<group>"; };
		00669DC11888FB1900115850 /* en */ = {isa = PBXFileReference; lastKnownFileType = text.plist.strings; name = en; path = en.lproj/InfoPlist.strings; sourceTree = "<group>"; };
		00669DC31888FB1900115850 /* TmapGPSTestTests.m */ = {isa = PBXFileReference; lastKnownFileType = sourcecode.c.objc; path = TmapGPSTestTests.m; sourceTree = "<group>"; };
		00669DD01888FB4A00115850 /* BizCategory.h */ = {isa = PBXFileReference; fileEncoding = 4; lastKnownFileType = sourcecode.c.h; path = BizCategory.h; sourceTree = "<group>"; };
		00669DD21888FB4A00115850 /* TMap.h */ = {isa = PBXFileReference; fileEncoding = 4; lastKnownFileType = sourcecode.c.h; path = TMap.h; sourceTree = "<group>"; };
		00669DD31888FB4A00115850 /* TMapAnnotation.h */ = {isa = PBXFileReference; fileEncoding = 4; lastKnownFileType = sourcecode.c.h; path = TMapAnnotation.h; sourceTree = "<group>"; };
		00669DD41888FB4A00115850 /* TMapBaseView.h */ = {isa = PBXFileReference; fileEncoding = 4; lastKnownFileType = sourcecode.c.h; path = TMapBaseView.h; sourceTree = "<group>"; };
		00669DD51888FB4A00115850 /* TMapCircle.h */ = {isa = PBXFileReference; fileEncoding = 4; lastKnownFileType = sourcecode.c.h; path = TMapCircle.h; sourceTree = "<group>"; };
		00669DD61888FB4A00115850 /* TMapGpsManager.h */ = {isa = PBXFileReference; fileEncoding = 4; lastKnownFileType = sourcecode.c.h; path = TMapGpsManager.h; sourceTree = "<group>"; };
		00669DD71888FB4A00115850 /* TMapKatec.h */ = {isa = PBXFileReference; fileEncoding = 4; lastKnownFileType = sourcecode.c.h; path = TMapKatec.h; sourceTree = "<group>"; };
		00669DD81888FB4A00115850 /* TMapLayer.h */ = {isa = PBXFileReference; fileEncoding = 4; lastKnownFileType = sourcecode.c.h; path = TMapLayer.h; sourceTree = "<group>"; };
		00669DD91888FB4A00115850 /* TMapMarker.h */ = {isa = PBXFileReference; fileEncoding = 4; lastKnownFileType = sourcecode.c.h; path = TMapMarker.h; sourceTree = "<group>"; };
		00669DDA1888FB4A00115850 /* TMapMarkerItem.h */ = {isa = PBXFileReference; fileEncoding = 4; lastKnownFileType = sourcecode.c.h; path = TMapMarkerItem.h; sourceTree = "<group>"; };
		00669DDB1888FB4A00115850 /* TMapMarkerItem2.h */ = {isa = PBXFileReference; fileEncoding = 4; lastKnownFileType = sourcecode.c.h; path = TMapMarkerItem2.h; sourceTree = "<group>"; };
		00669DDC1888FB4A00115850 /* TMapObject.h */ = {isa = PBXFileReference; fileEncoding = 4; lastKnownFileType = sourcecode.c.h; path = TMapObject.h; sourceTree = "<group>"; };
		00669DDD1888FB4A00115850 /* TMapPathData.h */ = {isa = PBXFileReference; fileEncoding = 4; lastKnownFileType = sourcecode.c.h; path = TMapPathData.h; sourceTree = "<group>"; };
		00669DDE1888FB4A00115850 /* TMapPOIItem.h */ = {isa = PBXFileReference; fileEncoding = 4; lastKnownFileType = sourcecode.c.h; path = TMapPOIItem.h; sourceTree = "<group>"; };
		00669DDF1888FB4A00115850 /* TMapPoint.h */ = {isa = PBXFileReference; fileEncoding = 4; lastKnownFileType = sourcecode.c.h; path = TMapPoint.h; sourceTree = "<group>"; };
		00669DE01888FB4A00115850 /* TMapPolygon.h */ = {isa = PBXFileReference; fileEncoding = 4; lastKnownFileType = sourcecode.c.h; path = TMapPolygon.h; sourceTree = "<group>"; };
		00669DE11888FB4A00115850 /* TMapPolyLine.h */ = {isa = PBXFileReference; fileEncoding = 4; lastKnownFileType = sourcecode.c.h; path = TMapPolyLine.h; sourceTree = "<group>"; };
		00669DE21888FB4A00115850 /* TMapTapi.h */ = {isa = PBXFileReference; fileEncoding = 4; lastKnownFileType = sourcecode.c.h; path = TMapTapi.h; sourceTree = "<group>"; };
		00669DE31888FB4A00115850 /* TMapType.h */ = {isa = PBXFileReference; fileEncoding = 4; lastKnownFileType = sourcecode.c.h; path = TMapType.h; sourceTree = "<group>"; };
		00669DE41888FB4A00115850 /* TMapView.h */ = {isa = PBXFileReference; fileEncoding = 4; lastKnownFileType = sourcecode.c.h; path = TMapView.h; sourceTree = "<group>"; };
		00669DE61888FB4A00115850 /* desktop.ini */ = {isa = PBXFileReference; fileEncoding = 4; lastKnownFileType = text; path = desktop.ini; sourceTree = "<group>"; };
		00669DE71888FB4A00115850 /* HeadingAngleSmall.png */ = {isa = PBXFileReference; lastKnownFileType = image.png; path = HeadingAngleSmall.png; sourceTree = "<group>"; };
		00669DE81888FB4A00115850 /* HeadingAngleSmall@2x.png */ = {isa = PBXFileReference; lastKnownFileType = image.png; path = "HeadingAngleSmall@2x.png"; sourceTree = "<group>"; };
		00669DE91888FB4A00115850 /* icon_clustering.png */ = {isa = PBXFileReference; lastKnownFileType = image.png; path = icon_clustering.png; sourceTree = "<group>"; };
		00669DEA1888FB4A00115850 /* icon_clustering@2x.png */ = {isa = PBXFileReference; lastKnownFileType = image.png; path = "icon_clustering@2x.png"; sourceTree = "<group>"; };
		00669DEB1888FB4A00115850 /* mapbg_tlogo.png */ = {isa = PBXFileReference; lastKnownFileType = image.png; path = mapbg_tlogo.png; sourceTree = "<group>"; };
		00669DEC1888FB4A00115850 /* mapbg_tlogo@2x.png */ = {isa = PBXFileReference; lastKnownFileType = image.png; path = "mapbg_tlogo@2x.png"; sourceTree = "<group>"; };
		00669DED1888FB4A00115850 /* poweredby.png */ = {isa = PBXFileReference; lastKnownFileType = image.png; path = poweredby.png; sourceTree = "<group>"; };
		00669DEE1888FB4A00115850 /* poweredby@2x.png */ = {isa = PBXFileReference; lastKnownFileType = image.png; path = "poweredby@2x.png"; sourceTree = "<group>"; };
		00669DEF1888FB4A00115850 /* TrackingDot.png */ = {isa = PBXFileReference; lastKnownFileType = image.png; path = TrackingDot.png; sourceTree = "<group>"; };
		00669DF01888FB4A00115850 /* TrackingDot@2x.png */ = {isa = PBXFileReference; lastKnownFileType = image.png; path = "TrackingDot@2x.png"; sourceTree = "<group>"; };
		00669DF11888FB4A00115850 /* TrackingDotHalo.png */ = {isa = PBXFileReference; lastKnownFileType = image.png; path = TrackingDotHalo.png; sourceTree = "<group>"; };
		00669DF21888FB4A00115850 /* TrackingDotHalo@2x.png */ = {isa = PBXFileReference; lastKnownFileType = image.png; path = "TrackingDotHalo@2x.png"; sourceTree = "<group>"; };
		00669DF31888FB4A00115850 /* libskpMap_OP-iOS7.0.a */ = {isa = PBXFileReference; lastKnownFileType = archive.ar; path = "libskpMap_OP-iOS7.0.a"; sourceTree = "<group>"; };
/* End PBXFileReference section */

/* Begin PBXFrameworksBuildPhase section */
		00669D921888FB1900115850 /* Frameworks */ = {
			isa = PBXFrameworksBuildPhase;
			buildActionMask = 2147483647;
			files = (
				00669D9B1888FB1900115850 /* CoreGraphics.framework in Frameworks */,
				00669D9D1888FB1900115850 /* UIKit.framework in Frameworks */,
				00669E031888FB4B00115850 /* libskpMap_OP-iOS7.0.a in Frameworks */,
				00669D991888FB1900115850 /* Foundation.framework in Frameworks */,
			);
			runOnlyForDeploymentPostprocessing = 0;
		};
		00669DB31888FB1900115850 /* Frameworks */ = {
			isa = PBXFrameworksBuildPhase;
			buildActionMask = 2147483647;
			files = (
				00669DB81888FB1900115850 /* XCTest.framework in Frameworks */,
				00669DBA1888FB1900115850 /* UIKit.framework in Frameworks */,
				00669DB91888FB1900115850 /* Foundation.framework in Frameworks */,
			);
			runOnlyForDeploymentPostprocessing = 0;
		};
/* End PBXFrameworksBuildPhase section */

/* Begin PBXGroup section */
		00669D8C1888FB1900115850 = {
			isa = PBXGroup;
			children = (
				00669DCD1888FB4A00115850 /* lib */,
				00669D9E1888FB1900115850 /* TmapGPSTest */,
				00669DBD1888FB1900115850 /* TmapGPSTestTests */,
				00669D971888FB1900115850 /* Frameworks */,
				00669D961888FB1900115850 /* Products */,
			);
			sourceTree = "<group>";
		};
		00669D961888FB1900115850 /* Products */ = {
			isa = PBXGroup;
			children = (
				00669D951888FB1900115850 /* TmapGPSTest.app */,
				00669DB61888FB1900115850 /* TmapGPSTestTests.xctest */,
			);
			name = Products;
			sourceTree = "<group>";
		};
		00669D971888FB1900115850 /* Frameworks */ = {
			isa = PBXGroup;
			children = (
				00669D981888FB1900115850 /* Foundation.framework */,
				00669D9A1888FB1900115850 /* CoreGraphics.framework */,
				00669D9C1888FB1900115850 /* UIKit.framework */,
				00669DB71888FB1900115850 /* XCTest.framework */,
			);
			name = Frameworks;
			sourceTree = "<group>";
		};
		00669D9E1888FB1900115850 /* TmapGPSTest */ = {
			isa = PBXGroup;
			children = (
				00669DA71888FB1900115850 /* AppDelegate.h */,
				00669DA81888FB1900115850 /* AppDelegate.m */,
				00669DAA1888FB1900115850 /* Main.storyboard */,
				00669DAD1888FB1900115850 /* ViewController.h */,
				00669DAE1888FB1900115850 /* ViewController.m */,
				00669DB01888FB1900115850 /* Images.xcassets */,
				00669D9F1888FB1900115850 /* Supporting Files */,
			);
			path = TmapGPSTest;
			sourceTree = "<group>";
		};
		00669D9F1888FB1900115850 /* Supporting Files */ = {
			isa = PBXGroup;
			children = (
				00669DA01888FB1900115850 /* TmapGPSTest-Info.plist */,
				00669DA11888FB1900115850 /* InfoPlist.strings */,
				00669DA41888FB1900115850 /* main.m */,
				00669DA61888FB1900115850 /* TmapGPSTest-Prefix.pch */,
			);
			name = "Supporting Files";
			sourceTree = "<group>";
		};
		00669DBD1888FB1900115850 /* TmapGPSTestTests */ = {
			isa = PBXGroup;
			children = (
				00669DC31888FB1900115850 /* TmapGPSTestTests.m */,
				00669DBE1888FB1900115850 /* Supporting Files */,
			);
			path = TmapGPSTestTests;
			sourceTree = "<group>";
		};
		00669DBE1888FB1900115850 /* Supporting Files */ = {
			isa = PBXGroup;
			children = (
				00669DBF1888FB1900115850 /* TmapGPSTestTests-Info.plist */,
				00669DC01888FB1900115850 /* InfoPlist.strings */,
			);
			name = "Supporting Files";
			sourceTree = "<group>";
		};
		00669DCD1888FB4A00115850 /* lib */ = {
			isa = PBXGroup;
			children = (
				00669DCF1888FB4A00115850 /* Headers */,
				00669DE51888FB4A00115850 /* Images */,
				00669DF31888FB4A00115850 /* libskpMap_OP-iOS7.0.a */,
			);
			path = lib;
			sourceTree = "<group>";
		};
		00669DCF1888FB4A00115850 /* Headers */ = {
			isa = PBXGroup;
			children = (
				00669DD01888FB4A00115850 /* BizCategory.h */,
				00669DD21888FB4A00115850 /* TMap.h */,
				00669DD31888FB4A00115850 /* TMapAnnotation.h */,
				00669DD41888FB4A00115850 /* TMapBaseView.h */,
				00669DD51888FB4A00115850 /* TMapCircle.h */,
				00669DD61888FB4A00115850 /* TMapGpsManager.h */,
				00669DD71888FB4A00115850 /* TMapKatec.h */,
				00669DD81888FB4A00115850 /* TMapLayer.h */,
				00669DD91888FB4A00115850 /* TMapMarker.h */,
				00669DDA1888FB4A00115850 /* TMapMarkerItem.h */,
				00669DDB1888FB4A00115850 /* TMapMarkerItem2.h */,
				00669DDC1888FB4A00115850 /* TMapObject.h */,
				00669DDD1888FB4A00115850 /* TMapPathData.h */,
				00669DDE1888FB4A00115850 /* TMapPOIItem.h */,
				00669DDF1888FB4A00115850 /* TMapPoint.h */,
				00669DE01888FB4A00115850 /* TMapPolygon.h */,
				00669DE11888FB4A00115850 /* TMapPolyLine.h */,
				00669DE21888FB4A00115850 /* TMapTapi.h */,
				00669DE31888FB4A00115850 /* TMapType.h */,
				00669DE41888FB4A00115850 /* TMapView.h */,
			);
			path = Headers;
			sourceTree = "<group>";
		};
		00669DE51888FB4A00115850 /* Images */ = {
			isa = PBXGroup;
			children = (
				00669DE61888FB4A00115850 /* desktop.ini */,
				00669DE71888FB4A00115850 /* HeadingAngleSmall.png */,
				00669DE81888FB4A00115850 /* HeadingAngleSmall@2x.png */,
				00669DE91888FB4A00115850 /* icon_clustering.png */,
				00669DEA1888FB4A00115850 /* icon_clustering@2x.png */,
				00669DEB1888FB4A00115850 /* mapbg_tlogo.png */,
				00669DEC1888FB4A00115850 /* mapbg_tlogo@2x.png */,
				00669DED1888FB4A00115850 /* poweredby.png */,
				00669DEE1888FB4A00115850 /* poweredby@2x.png */,
				00669DEF1888FB4A00115850 /* TrackingDot.png */,
				00669DF01888FB4A00115850 /* TrackingDot@2x.png */,
				00669DF11888FB4A00115850 /* TrackingDotHalo.png */,
				00669DF21888FB4A00115850 /* TrackingDotHalo@2x.png */,
			);
			path = Images;
			sourceTree = "<group>";
		};
/* End PBXGroup section */

/* Begin PBXNativeTarget section */
		00669D941888FB1900115850 /* TmapGPSTest */ = {
			isa = PBXNativeTarget;
			buildConfigurationList = 00669DC71888FB1900115850 /* Build configuration list for PBXNativeTarget "TmapGPSTest" */;
			buildPhases = (
				00669D911888FB1900115850 /* Sources */,
				00669D921888FB1900115850 /* Frameworks */,
				00669D931888FB1900115850 /* Resources */,
			);
			buildRules = (
			);
			dependencies = (
			);
			name = TmapGPSTest;
			productName = TmapGPSTest;
			productReference = 00669D951888FB1900115850 /* TmapGPSTest.app */;
			productType = "com.apple.product-type.application";
		};
		00669DB51888FB1900115850 /* TmapGPSTestTests */ = {
			isa = PBXNativeTarget;
			buildConfigurationList = 00669DCA1888FB1900115850 /* Build configuration list for PBXNativeTarget "TmapGPSTestTests" */;
			buildPhases = (
				00669DB21888FB1900115850 /* Sources */,
				00669DB31888FB1900115850 /* Frameworks */,
				00669DB41888FB1900115850 /* Resources */,
			);
			buildRules = (
			);
			dependencies = (
				00669DBC1888FB1900115850 /* PBXTargetDependency */,
			);
			name = TmapGPSTestTests;
			productName = TmapGPSTestTests;
			productReference = 00669DB61888FB1900115850 /* TmapGPSTestTests.xctest */;
			productType = "com.apple.product-type.bundle.unit-test";
		};
/* End PBXNativeTarget section */

/* Begin PBXProject section */
		00669D8D1888FB1900115850 /* Project object */ = {
			isa = PBXProject;
			attributes = {
				LastUpgradeCheck = 0500;
				ORGANIZATIONNAME = T;
				TargetAttributes = {
					00669DB51888FB1900115850 = {
						TestTargetID = 00669D941888FB1900115850;
					};
				};
			};
			buildConfigurationList = 00669D901888FB1900115850 /* Build configuration list for PBXProject "TmapGPSTest" */;
			compatibilityVersion = "Xcode 3.2";
			developmentRegion = English;
			hasScannedForEncodings = 0;
			knownRegions = (
				en,
				Base,
			);
			mainGroup = 00669D8C1888FB1900115850;
			productRefGroup = 00669D961888FB1900115850 /* Products */;
			projectDirPath = "";
			projectRoot = "";
			targets = (
				00669D941888FB1900115850 /* TmapGPSTest */,
				00669DB51888FB1900115850 /* TmapGPSTestTests */,
			);
		};
/* End PBXProject section */

/* Begin PBXResourcesBuildPhase section */
		00669D931888FB1900115850 /* Resources */ = {
			isa = PBXResourcesBuildPhase;
			buildActionMask = 2147483647;
			files = (
				00669DF91888FB4B00115850 /* icon_clustering.png in Resources */,
				00669E021888FB4B00115850 /* TrackingDotHalo@2x.png in Resources */,
				00669E011888FB4B00115850 /* TrackingDotHalo.png in Resources */,
				00669DF61888FB4B00115850 /* desktop.ini in Resources */,
				00669DF71888FB4B00115850 /* HeadingAngleSmall.png in Resources */,
				00669DB11888FB1900115850 /* Images.xcassets in Resources */,
				00669DFA1888FB4B00115850 /* icon_clustering@2x.png in Resources */,
				00669DFC1888FB4B00115850 /* mapbg_tlogo@2x.png in Resources */,
				00669DA31888FB1900115850 /* InfoPlist.strings in Resources */,
				00669DFB1888FB4B00115850 /* mapbg_tlogo.png in Resources */,
				00669E001888FB4B00115850 /* TrackingDot@2x.png in Resources */,
				00669DFF1888FB4B00115850 /* TrackingDot.png in Resources */,
				00669DF81888FB4B00115850 /* HeadingAngleSmall@2x.png in Resources */,
				00669DFE1888FB4B00115850 /* poweredby@2x.png in Resources */,
				00669DFD1888FB4B00115850 /* poweredby.png in Resources */,
				00669DAC1888FB1900115850 /* Main.storyboard in Resources */,
			);
			runOnlyForDeploymentPostprocessing = 0;
		};
		00669DB41888FB1900115850 /* Resources */ = {
			isa = PBXResourcesBuildPhase;
			buildActionMask = 2147483647;
			files = (
				00669DC21888FB1900115850 /* InfoPlist.strings in Resources */,
			);
			runOnlyForDeploymentPostprocessing = 0;
		};
/* End PBXResourcesBuildPhase section */

/* Begin PBXSourcesBuildPhase section */
		00669D911888FB1900115850 /* Sources */ = {
			isa = PBXSourcesBuildPhase;
			buildActionMask = 2147483647;
			files = (
				00669DAF1888FB1900115850 /* ViewController.m in Sources */,
				00669DA91888FB1900115850 /* AppDelegate.m in Sources */,
				00669DA51888FB1900115850 /* main.m in Sources */,
			);
			runOnlyForDeploymentPostprocessing = 0;
		};
		00669DB21888FB1900115850 /* Sources */ = {
			isa = PBXSourcesBuildPhase;
			buildActionMask = 2147483647;
			files = (
				00669DC41888FB1900115850 /* TmapGPSTestTests.m in Sources */,
			);
			runOnlyForDeploymentPostprocessing = 0;
		};
/* End PBXSourcesBuildPhase section */

/* Begin PBXTargetDependency section */
		00669DBC1888FB1900115850 /* PBXTargetDependency */ = {
			isa = PBXTargetDependency;
			target = 00669D941888FB1900115850 /* TmapGPSTest */;
			targetProxy = 00669DBB1888FB1900115850 /* PBXContainerItemProxy */;
		};
/* End PBXTargetDependency section */

/* Begin PBXVariantGroup section */
		00669DA11888FB1900115850 /* InfoPlist.strings */ = {
			isa = PBXVariantGroup;
			children = (
				00669DA21888FB1900115850 /* en */,
			);
			name = InfoPlist.strings;
			sourceTree = "<group>";
		};
		00669DAA1888FB1900115850 /* Main.storyboard */ = {
			isa = PBXVariantGroup;
			children = (
				00669DAB1888FB1900115850 /* Base */,
			);
			name = Main.storyboard;
			sourceTree = "<group>";
		};
		00669DC01888FB1900115850 /* InfoPlist.strings */ = {
			isa = PBXVariantGroup;
			children = (
				00669DC11888FB1900115850 /* en */,
			);
			name = InfoPlist.strings;
			sourceTree = "<group>";
		};
/* End PBXVariantGroup section */

/* Begin XCBuildConfiguration section */
		00669DC51888FB1900115850 /* Debug */ = {
			isa = XCBuildConfiguration;
			buildSettings = {
				ALWAYS_SEARCH_USER_PATHS = NO;
				ARCHS = "$(ARCHS_STANDARD_INCLUDING_64_BIT)";
				CLANG_CXX_LANGUAGE_STANDARD = "gnu++0x";
				CLANG_CXX_LIBRARY = "libc++";
				CLANG_ENABLE_MODULES = YES;
				CLANG_ENABLE_OBJC_ARC = YES;
				CLANG_WARN_BOOL_CONVERSION = YES;
				CLANG_WARN_CONSTANT_CONVERSION = YES;
				CLANG_WARN_DIRECT_OBJC_ISA_USAGE = YES_ERROR;
				CLANG_WARN_EMPTY_BODY = YES;
				CLANG_WARN_ENUM_CONVERSION = YES;
				CLANG_WARN_INT_CONVERSION = YES;
				CLANG_WARN_OBJC_ROOT_CLASS = YES_ERROR;
				CLANG_WARN__DUPLICATE_METHOD_MATCH = YES;
				"CODE_SIGN_IDENTITY[sdk=iphoneos*]" = "iPhone Developer";
				COPY_PHASE_STRIP = NO;
				GCC_C_LANGUAGE_STANDARD = gnu99;
				GCC_DYNAMIC_NO_PIC = NO;
				GCC_OPTIMIZATION_LEVEL = 0;
				GCC_PREPROCESSOR_DEFINITIONS = (
					"DEBUG=1",
					"$(inherited)",
				);
				GCC_SYMBOLS_PRIVATE_EXTERN = NO;
				GCC_WARN_64_TO_32_BIT_CONVERSION = YES;
				GCC_WARN_ABOUT_RETURN_TYPE = YES_ERROR;
				GCC_WARN_UNDECLARED_SELECTOR = YES;
				GCC_WARN_UNINITIALIZED_AUTOS = YES;
				GCC_WARN_UNUSED_FUNCTION = YES;
				GCC_WARN_UNUSED_VARIABLE = YES;
				IPHONEOS_DEPLOYMENT_TARGET = 7.0;
				ONLY_ACTIVE_ARCH = YES;
				SDKROOT = iphoneos;
			};
			name = Debug;
		};
		00669DC61888FB1900115850 /* Release */ = {
			isa = XCBuildConfiguration;
			buildSettings = {
				ALWAYS_SEARCH_USER_PATHS = NO;
				ARCHS = "$(ARCHS_STANDARD_INCLUDING_64_BIT)";
				CLANG_CXX_LANGUAGE_STANDARD = "gnu++0x";
				CLANG_CXX_LIBRARY = "libc++";
				CLANG_ENABLE_MODULES = YES;
				CLANG_ENABLE_OBJC_ARC = YES;
				CLANG_WARN_BOOL_CONVERSION = YES;
				CLANG_WARN_CONSTANT_CONVERSION = YES;
				CLANG_WARN_DIRECT_OBJC_ISA_USAGE = YES_ERROR;
				CLANG_WARN_EMPTY_BODY = YES;
				CLANG_WARN_ENUM_CONVERSION = YES;
				CLANG_WARN_INT_CONVERSION = YES;
				CLANG_WARN_OBJC_ROOT_CLASS = YES_ERROR;
				CLANG_WARN__DUPLICATE_METHOD_MATCH = YES;
				"CODE_SIGN_IDENTITY[sdk=iphoneos*]" = "iPhone Developer";
				COPY_PHASE_STRIP = YES;
				ENABLE_NS_ASSERTIONS = NO;
				GCC_C_LANGUAGE_STANDARD = gnu99;
				GCC_WARN_64_TO_32_BIT_CONVERSION = YES;
				GCC_WARN_ABOUT_RETURN_TYPE = YES_ERROR;
				GCC_WARN_UNDECLARED_SELECTOR = YES;
				GCC_WARN_UNINITIALIZED_AUTOS = YES;
				GCC_WARN_UNUSED_FUNCTION = YES;
				GCC_WARN_UNUSED_VARIABLE = YES;
				IPHONEOS_DEPLOYMENT_TARGET = 7.0;
				SDKROOT = iphoneos;
				VALIDATE_PRODUCT = YES;
			};
			name = Release;
		};
		00669DC81888FB1900115850 /* Debug */ = {
			isa = XCBuildConfiguration;
			buildSettings = {
				ASSETCATALOG_COMPILER_APPICON_NAME = AppIcon;
				ASSETCATALOG_COMPILER_LAUNCHIMAGE_NAME = LaunchImage;
				GCC_PRECOMPILE_PREFIX_HEADER = YES;
				GCC_PREFIX_HEADER = "TmapGPSTest/TmapGPSTest-Prefix.pch";
				HEADER_SEARCH_PATHS = (
					"$(inherited)",
					/Applications/Xcode.app/Contents/Developer/Toolchains/XcodeDefault.xctoolchain/usr/include,
					"/Users/sdt-1/Documents/Projects/02_iPhoneApplication/TmapGPSTest/lib/Headers",
				);
				INFOPLIST_FILE = "TmapGPSTest/TmapGPSTest-Info.plist";
				LIBRARY_SEARCH_PATHS = (
					"$(inherited)",
					"/Users/sdt-1/Documents/Projects/02_iPhoneApplication/TmapGPSTest/lib",
				);
				PRODUCT_NAME = "$(TARGET_NAME)";
				WRAPPER_EXTENSION = app;
			};
			name = Debug;
		};
		00669DC91888FB1900115850 /* Release */ = {
			isa = XCBuildConfiguration;
			buildSettings = {
				ASSETCATALOG_COMPILER_APPICON_NAME = AppIcon;
				ASSETCATALOG_COMPILER_LAUNCHIMAGE_NAME = LaunchImage;
				GCC_PRECOMPILE_PREFIX_HEADER = YES;
				GCC_PREFIX_HEADER = "TmapGPSTest/TmapGPSTest-Prefix.pch";
				HEADER_SEARCH_PATHS = (
					"$(inherited)",
					/Applications/Xcode.app/Contents/Developer/Toolchains/XcodeDefault.xctoolchain/usr/include,
					"/Users/sdt-1/Documents/Projects/02_iPhoneApplication/TmapGPSTest/lib/Headers",
				);
				INFOPLIST_FILE = "TmapGPSTest/TmapGPSTest-Info.plist";
				LIBRARY_SEARCH_PATHS = (
					"$(inherited)",
					"/Users/sdt-1/Documents/Projects/02_iPhoneApplication/TmapGPSTest/lib",
				);
				PRODUCT_NAME = "$(TARGET_NAME)";
				WRAPPER_EXTENSION = app;
			};
			name = Release;
		};
		00669DCB1888FB1900115850 /* Debug */ = {
			isa = XCBuildConfiguration;
			buildSettings = {
				ARCHS = "$(ARCHS_STANDARD_INCLUDING_64_BIT)";
				BUNDLE_LOADER = "$(BUILT_PRODUCTS_DIR)/TmapGPSTest.app/TmapGPSTest";
				FRAMEWORK_SEARCH_PATHS = (
					"$(SDKROOT)/Developer/Library/Frameworks",
					"$(inherited)",
					"$(DEVELOPER_FRAMEWORKS_DIR)",
				);
				GCC_PRECOMPILE_PREFIX_HEADER = YES;
				GCC_PREFIX_HEADER = "TmapGPSTest/TmapGPSTest-Prefix.pch";
				GCC_PREPROCESSOR_DEFINITIONS = (
					"DEBUG=1",
					"$(inherited)",
				);
				INFOPLIST_FILE = "TmapGPSTestTests/TmapGPSTestTests-Info.plist";
				PRODUCT_NAME = "$(TARGET_NAME)";
				TEST_HOST = "$(BUNDLE_LOADER)";
				WRAPPER_EXTENSION = xctest;
			};
			name = Debug;
		};
		00669DCC1888FB1900115850 /* Release */ = {
			isa = XCBuildConfiguration;
			buildSettings = {
				ARCHS = "$(ARCHS_STANDARD_INCLUDING_64_BIT)";
				BUNDLE_LOADER = "$(BUILT_PRODUCTS_DIR)/TmapGPSTest.app/TmapGPSTest";
				FRAMEWORK_SEARCH_PATHS = (
					"$(SDKROOT)/Developer/Library/Frameworks",
					"$(inherited)",
					"$(DEVELOPER_FRAMEWORKS_DIR)",
				);
				GCC_PRECOMPILE_PREFIX_HEADER = YES;
				GCC_PREFIX_HEADER = "TmapGPSTest/TmapGPSTest-Prefix.pch";
				INFOPLIST_FILE = "TmapGPSTestTests/TmapGPSTestTests-Info.plist";
				PRODUCT_NAME = "$(TARGET_NAME)";
				TEST_HOST = "$(BUNDLE_LOADER)";
				WRAPPER_EXTENSION = xctest;
			};
			name = Release;
		};
/* End XCBuildConfiguration section */

/* Begin XCConfigurationList section */
		00669D901888FB1900115850 /* Build configuration list for PBXProject "TmapGPSTest" */ = {
			isa = XCConfigurationList;
			buildConfigurations = (
				00669DC51888FB1900115850 /* Debug */,
				00669DC61888FB1900115850 /* Release */,
			);
			defaultConfigurationIsVisible = 0;
			defaultConfigurationName = Release;
		};
		00669DC71888FB1900115850 /* Build configuration list for PBXNativeTarget "TmapGPSTest" */ = {
			isa = XCConfigurationList;
			buildConfigurations = (
				00669DC81888FB1900115850 /* Debug */,
				00669DC91888FB1900115850 /* Release */,
			);
			defaultConfigurationIsVisible = 0;
		};
		00669DCA1888FB1900115850 /* Build configuration list for PBXNativeTarget "TmapGPSTestTests" */ = {
			isa = XCConfigurationList;
			buildConfigurations = (
				00669DCB1888FB1900115850 /* Debug */,
				00669DCC1888FB1900115850 /* Release */,
			);
			defaultConfigurationIsVisible = 0;
		};
/* End XCConfigurationList section */
	};
	rootObject = 00669D8D1888FB1900115850 /* Project object */;
}
